<?xml version="1.0" encoding="utf-8"?>
<Project ToolsVersion="4.0" xmlns="http://schemas.microsoft.com/developer/msbuild/2003">
  <ItemGroup>
    <Filter Include="源文件">
      <UniqueIdentifier>{4FC737F1-C7A5-4376-A066-2A32D752A2FF}</UniqueIdentifier>
      <Extensions>cpp;c;cc;cxx;c++;cppm;ixx;def;odl;idl;hpj;bat;asm;asmx</Extensions>
    </Filter>
    <Filter Include="头文件">
      <UniqueIdentifier>{93995380-89BD-4b04-88EB-625FBE52EBFB}</UniqueIdentifier>
      <Extensions>h;hh;hpp;hxx;h++;hm;inl;inc;ipp;xsd</Extensions>
    </Filter>
    <Filter Include="资源文件">
      <UniqueIdentifier>{67DA6AB6-F800-4c08-8B7A-83BB121AAD01}</UniqueIdentifier>
      <Extensions>rc;ico;cur;bmp;dlg;rc2;rct;bin;rgs;gif;jpg;jpeg;jpe;resx;tiff;tif;png;wav;mfcribbon-ms</Extensions>
    </Filter>
  </ItemGroup>
  <ItemGroup>
    <ClInclude Include="CommonLibrary.h">
      <Filter>源文件</Filter>
    </ClInclude>
    <ClInclude Include="ShapeClass\Torus.h">
      <Filter>源文件</Filter>
    </ClInclude>
    <ClInclude Include="ShapeClass\Sphere.h">
      <Filter>头文件</Filter>
    </ClInclude>
    <ClInclude Include="ToolsLibrary.h">
      <Filter>头文件</Filter>
    </ClInclude>
    <ClInclude Include="ModelLoader.h">
      <Filter>头文件</Filter>
    </ClInclude>
    <ClInclude Include="Torus.h">
      <Filter>头文件</Filter>
    </ClInclude>
    <ClInclude Include="Utils.h">
      <Filter>头文件</Filter>
    </ClInclude>
    <ClInclude Include="ShapeClass\HalfSphere.h">
      <Filter>头文件</Filter>
    </ClInclude>
  </ItemGroup>
  <ItemGroup>
    <ClCompile Include="1_CreateWindow.cpp">
      <Filter>源文件</Filter>
    </ClCompile>
    <ClCompile Include="2_DrawOnePoint.cpp">
      <Filter>源文件</Filter>
    </ClCompile>
    <ClCompile Include="3_DebugGLSL.cpp">
      <Filter>源文件</Filter>
    </ClCompile>
    <ClCompile Include="CommonLibrary.cpp">
      <Filter>源文件</Filter>
    </ClCompile>
    <ClCompile Include="4_LoadGLSL_Code.cpp">
      <Filter>源文件</Filter>
    </ClCompile>
    <ClCompile Include="5_SimpleAnimation.cpp">
      <Filter>源文件</Filter>
    </ClCompile>
    <ClCompile Include="6_First3D_Cube.cpp">
      <Filter>源文件</Filter>
    </ClCompile>
    <ClCompile Include="7_More_3D_Cube2.0.cpp">
      <Filter>源文件</Filter>
    </ClCompile>
    <ClCompile Include="8_More_3D_CubeInstance3.0.cpp">
      <Filter>源文件</Filter>
    </ClCompile>
    <ClCompile Include="9_More_3D_ShapeInstance4.0.cpp">
      <Filter>源文件</Filter>
    </ClCompile>
    <ClCompile Include="10_More_Stack_Mat4_5.0.cpp">
      <Filter>源文件</Filter>
    </ClCompile>
    <ClCompile Include="11_load_texture_6.0.cpp">
      <Filter>源文件</Filter>
    </ClCompile>
    <ClCompile Include="12_Generate_Sphere.cpp">
      <Filter>源文件</Filter>
    </ClCompile>
    <ClCompile Include="13_Generate_Torus.cpp">
      <Filter>源文件</Filter>
    </ClCompile>
    <ClCompile Include="ShapeClass\Torus.cpp">
      <Filter>源文件</Filter>
    </ClCompile>
    <ClCompile Include="ShapeClass\Sphere.cpp">
      <Filter>源文件</Filter>
    </ClCompile>
    <ClCompile Include="ToolsLibrary.cpp">
      <Filter>源文件</Filter>
    </ClCompile>
    <ClCompile Include="ModelLoader.cpp">
      <Filter>源文件</Filter>
    </ClCompile>
    <ClCompile Include="14_Load_Mesh.cpp">
      <Filter>源文件</Filter>
    </ClCompile>
    <ClCompile Include="15_Light_ADS.cpp">
      <Filter>源文件</Filter>
    </ClCompile>
    <ClCompile Include="Torus.cpp">
      <Filter>源文件</Filter>
    </ClCompile>
    <ClCompile Include="Utils.cpp">
      <Filter>源文件</Filter>
    </ClCompile>
    <ClCompile Include="16_Light_ADS_Texture.cpp">
      <Filter>源文件</Filter>
    </ClCompile>
    <ClCompile Include="17_Light_Shadow.cpp">
      <Filter>源文件</Filter>
    </ClCompile>
    <ClCompile Include="18_SkyBoxCubex.cpp">
      <Filter>源文件</Filter>
    </ClCompile>
    <ClCompile Include="19_ProcBump.cpp">
      <Filter>源文件</Filter>
    </ClCompile>
    <ClCompile Include="20_NormalMappingMoon.cpp">
      <Filter>源文件</Filter>
    </ClCompile>
    <ClCompile Include="21_NormalMapping.cpp">
      <Filter>源文件</Filter>
    </ClCompile>
    <ClCompile Include="22_HeightMappedTerrain.cpp">
      <Filter>源文件</Filter>
    </ClCompile>
    <ClCompile Include="23_TessellationGridOnly.cpp">
      <Filter>源文件</Filter>
    </ClCompile>
    <ClCompile Include="24_TessellationBezier.cpp">
      <Filter>源文件</Filter>
    </ClCompile>
    <ClCompile Include="25_TessellationHeightMapped.cpp">
      <Filter>源文件</Filter>
    </ClCompile>
    <ClCompile Include="26_TessellationHeightMappedLight.cpp">
      <Filter>源文件</Filter>
    </ClCompile>
    <ClCompile Include="27_TessellationHeightMappedLOD.cpp">
      <Filter>源文件</Filter>
    </ClCompile>
    <ClCompile Include="28_geomModInflate.cpp">
      <Filter>源文件</Filter>
    </ClCompile>
    <ClCompile Include="29_geomModAdd.cpp">
      <Filter>源文件</Filter>
    </ClCompile>
    <ClCompile Include="30_geomModChange.cpp">
      <Filter>源文件</Filter>
    </ClCompile>
    <ClCompile Include="31_Fog.cpp">
      <Filter>源文件</Filter>
    </ClCompile>
    <ClCompile Include="32_Blending.cpp">
      <Filter>源文件</Filter>
    </ClCompile>
    <ClCompile Include="33_Clip.cpp">
      <Filter>源文件</Filter>
    </ClCompile>
    <ClCompile Include="34_stripes3Dtex.cpp">
      <Filter>源文件</Filter>
    </ClCompile>
    <ClCompile Include="35_noiseMarble.cpp">
      <Filter>源文件</Filter>
    </ClCompile>
    <ClCompile Include="36_noiseWood.cpp">
      <Filter>源文件</Filter>
    </ClCompile>
    <ClCompile Include="37_noiseCloud.cpp">
      <Filter>源文件</Filter>
    </ClCompile>
    <ClCompile Include="ShapeClass\HalfSphere.cpp">
      <Filter>源文件</Filter>
    </ClCompile>
    <ClCompile Include="38_Dissolve.cpp">
      <Filter>源文件</Filter>
    </ClCompile>
    <ClCompile Include="39_surfaceSetup.cpp">
      <Filter>源文件</Filter>
    </ClCompile>
    <ClCompile Include="40_ReflectionRefraction.cpp">
      <Filter>源文件</Filter>
    </ClCompile>
    <ClCompile Include="41_MovingWater.cpp">
      <Filter>源文件</Filter>
    </ClCompile>
    <ClCompile Include="42_ComputeShader.cpp">
      <Filter>源文件</Filter>
    </ClCompile>
    <ClCompile Include="43_RayCasting.cpp">
      <Filter>源文件</Filter>
    </ClCompile>
    <ClCompile Include="44_RayCastingADS.cpp">
      <Filter>源文件</Filter>
    </ClCompile>
    <ClCompile Include="45_RayCastingNonAxisBox.cpp">
      <Filter>源文件</Filter>
    </ClCompile>
    <ClCompile Include="46_RayCastingTexture.cpp">
      <Filter>源文件</Filter>
    </ClCompile>
    <ClCompile Include="47_RayCastingSkyBox.cpp">
      <Filter>源文件</Filter>
    </ClCompile>
    <ClCompile Include="48_RayCastingPlane.cpp">
      <Filter>源文件</Filter>
    </ClCompile>
    <ClCompile Include="49_RayCastingSingleReflection.cpp">
      <Filter>源文件</Filter>
    </ClCompile>
    <ClCompile Include="50_RayCastingSingleRefraction.cpp">
      <Filter>源文件</Filter>
    </ClCompile>
    <ClCompile Include="51_RayCastingReflectionRefraction.cpp">
      <Filter>源文件</Filter>
    </ClCompile>
  </ItemGroup>
  <ItemGroup>
    <None Include="fragShader.glsl" />
    <None Include="fragShaderAnimation.glsl" />
    <None Include="fragShaderCube.glsl" />
    <None Include="fragShaderSkyCube.glsl" />
    <None Include="fragShaderTexture.glsl" />
    <None Include="fragShadowShader.glsl" />
    <None Include="fragShadowShader2.glsl" />
    <None Include="fragShadowShader3.glsl" />
    <None Include="fragShadowShaderPCF.glsl" />
    <None Include="vertShader.glsl" />
    <None Include="vertShaderAnimation.glsl" />
    <None Include="vertShaderCube.glsl" />
    <None Include="vertShaderCubeInstance.glsl" />
    <None Include="vertShaderSkyCube.glsl" />
    <None Include="vertShaderTexture.glsl" />
    <None Include="vertShadowShader.glsl" />
    <None Include="vertShadowShader2.glsl" />
    <None Include="vertShadowShader3.glsl" />
    <None Include="fragShaderProcBump.glsl" />
    <None Include="vertShaderProcBump.glsl" />
    <None Include="fragShaderNormal.glsl" />
    <None Include="fragShaderNormalMoon.glsl" />
    <None Include="vertShaderNormal.glsl" />
    <None Include="vertShaderNormalMoon.glsl" />
    <None Include="geomShaderModAdd.glsl" />
    <None Include="geomShaderModChange.glsl" />
    <None Include="geomShaderModInflate.glsl" />
    <None Include="tessBezierCShader.glsl" />
    <None Include="tessBezierEShader.glsl" />
    <None Include="tessCShader.glsl" />
    <None Include="tessCShaderNULL.glsl" />
    <None Include="tessEShader.glsl" />
    <None Include="tessEShaderNULL.glsl" />
    <None Include="tessHeightMappingCShader.glsl" />
    <None Include="tessHeightMappingCShaderLight.glsl" />
    <None Include="tessHeightMappingCShaderLOD.glsl" />
    <None Include="tessHeightMappingEShader.glsl" />
    <None Include="tessHeightMappingEShaderLight.glsl" />
    <None Include="vertShader3Dtex.glsl" />
    <None Include="vertShaderBlending.glsl" />
    <None Include="vertShaderClip.glsl" />
    <None Include="vertShaderFog.glsl" />
    <None Include="vertShaderGeomModAdd.glsl" />
    <None Include="vertShaderGeomModInflate.glsl" />
    <None Include="vertShaderHeightMapping.glsl" />
    <None Include="vertShaderTess.glsl" />
    <None Include="vertShaderTessBezier.glsl" />
    <None Include="vertShaderTessHeightMapping.glsl" />
    <None Include="vertShaderTessHeightMappingLight.glsl" />
    <None Include="fragShaderTess.glsl" />
    <None Include="fragShaderTessBezier.glsl" />
    <None Include="fragShaderTessHeightMapping.glsl" />
    <None Include="fragShaderTessHeightMappingLight.glsl" />
    <None Include="fragShaderFog.glsl" />
    <None Include="fragShaderGeomModInflate.glsl" />
    <None Include="fragShaderHeightMapping.glsl" />
    <None Include="fragShaderBlending.glsl" />
    <None Include="fragShaderClip.glsl" />
    <None Include="fragShader3Dtex.glsl" />
  </ItemGroup>
</Project>