<?xml version="1.0" encoding="utf-8"?>
<Project ToolsVersion="4.0" xmlns="http://schemas.microsoft.com/developer/msbuild/2003">
  <ItemGroup>
    <Filter Include="源文件">
      <UniqueIdentifier>{4FC737F1-C7A5-4376-A066-2A32D752A2FF}</UniqueIdentifier>
      <Extensions>cpp;c;cc;cxx;c++;cppm;ixx;def;odl;idl;hpj;bat;asm;asmx</Extensions>
    </Filter>
    <Filter Include="头文件">
      <UniqueIdentifier>{93995380-89BD-4b04-88EB-625FBE52EBFB}</UniqueIdentifier>
      <Extensions>h;hh;hpp;hxx;h++;hm;inl;inc;ipp;xsd</Extensions>
    </Filter>
    <Filter Include="资源文件">
      <UniqueIdentifier>{67DA6AB6-F800-4c08-8B7A-83BB121AAD01}</UniqueIdentifier>
      <Extensions>rc;ico;cur;bmp;dlg;rc2;rct;bin;rgs;gif;jpg;jpeg;jpe;resx;tiff;tif;png;wav;mfcribbon-ms</Extensions>
    </Filter>
  </ItemGroup>
  <ItemGroup>
    <ClInclude Include="CommonLibrary.h">
      <Filter>源文件</Filter>
    </ClInclude>
    <ClInclude Include="ShapeClass\Torus.h">
      <Filter>源文件</Filter>
    </ClInclude>
    <ClInclude Include="ShapeClass\Sphere.h">
      <Filter>头文件</Filter>
    </ClInclude>
    <ClInclude Include="ToolsLibrary.h">
      <Filter>头文件</Filter>
    </ClInclude>
    <ClInclude Include="ModelLoader.h">
      <Filter>头文件</Filter>
    </ClInclude>
    <ClInclude Include="Torus.h">
      <Filter>头文件</Filter>
    </ClInclude>
    <ClInclude Include="Utils.h">
      <Filter>头文件</Filter>
    </ClInclude>
  </ItemGroup>
  <ItemGroup>
    <ClCompile Include="1_CreateWindow.cpp">
      <Filter>源文件</Filter>
    </ClCompile>
    <ClCompile Include="2_DrawOnePoint.cpp">
      <Filter>源文件</Filter>
    </ClCompile>
    <ClCompile Include="3_DebugGLSL.cpp">
      <Filter>源文件</Filter>
    </ClCompile>
    <ClCompile Include="CommonLibrary.cpp">
      <Filter>源文件</Filter>
    </ClCompile>
    <ClCompile Include="4_LoadGLSL_Code.cpp">
      <Filter>源文件</Filter>
    </ClCompile>
    <ClCompile Include="5_SimpleAnimation.cpp">
      <Filter>源文件</Filter>
    </ClCompile>
    <ClCompile Include="6_First3D_Cube.cpp">
      <Filter>源文件</Filter>
    </ClCompile>
    <ClCompile Include="7_More_3D_Cube2.0.cpp">
      <Filter>源文件</Filter>
    </ClCompile>
    <ClCompile Include="8_More_3D_CubeInstance3.0.cpp">
      <Filter>源文件</Filter>
    </ClCompile>
    <ClCompile Include="9_More_3D_ShapeInstance4.0.cpp">
      <Filter>源文件</Filter>
    </ClCompile>
    <ClCompile Include="10_More_Stack_Mat4_5.0.cpp">
      <Filter>源文件</Filter>
    </ClCompile>
    <ClCompile Include="11_load_texture_6.0.cpp">
      <Filter>源文件</Filter>
    </ClCompile>
    <ClCompile Include="12_Generate_Sphere.cpp">
      <Filter>源文件</Filter>
    </ClCompile>
    <ClCompile Include="13_Generate_Torus.cpp">
      <Filter>源文件</Filter>
    </ClCompile>
    <ClCompile Include="ShapeClass\Torus.cpp">
      <Filter>源文件</Filter>
    </ClCompile>
    <ClCompile Include="ShapeClass\Sphere.cpp">
      <Filter>源文件</Filter>
    </ClCompile>
    <ClCompile Include="ToolsLibrary.cpp">
      <Filter>源文件</Filter>
    </ClCompile>
    <ClCompile Include="ModelLoader.cpp">
      <Filter>源文件</Filter>
    </ClCompile>
    <ClCompile Include="14_Load_Mesh.cpp">
      <Filter>源文件</Filter>
    </ClCompile>
    <ClCompile Include="15_Light_ADS.cpp">
      <Filter>源文件</Filter>
    </ClCompile>
    <ClCompile Include="Torus.cpp">
      <Filter>源文件</Filter>
    </ClCompile>
    <ClCompile Include="Utils.cpp">
      <Filter>源文件</Filter>
    </ClCompile>
    <ClCompile Include="16_Light_ADS_Texture.cpp">
      <Filter>源文件</Filter>
    </ClCompile>
    <ClCompile Include="17_Light_Shadow.cpp">
      <Filter>源文件</Filter>
    </ClCompile>
    <ClCompile Include="18_SkyBoxCubex.cpp">
      <Filter>源文件</Filter>
    </ClCompile>
    <ClCompile Include="19_ProcBump.cpp">
      <Filter>源文件</Filter>
    </ClCompile>
    <ClCompile Include="20_NormalMappingMoon.cpp">
      <Filter>源文件</Filter>
    </ClCompile>
    <ClCompile Include="21_NormalMapping.cpp">
      <Filter>源文件</Filter>
    </ClCompile>
    <ClCompile Include="22_HeightMappedTerrain.cpp">
      <Filter>源文件</Filter>
    </ClCompile>
    <ClCompile Include="23_TessellationGridOnly.cpp">
      <Filter>源文件</Filter>
    </ClCompile>
    <ClCompile Include="24_TessellationBezier.cpp">
      <Filter>源文件</Filter>
    </ClCompile>
    <ClCompile Include="25_TessellationHeightMapped.cpp">
      <Filter>源文件</Filter>
    </ClCompile>
  </ItemGroup>
  <ItemGroup>
    <None Include="fragShader.glsl" />
    <None Include="fragShaderAnimation.glsl" />
    <None Include="fragShaderCube.glsl" />
    <None Include="fragShaderSkyCube.glsl" />
    <None Include="fragShaderTexture.glsl" />
    <None Include="fragShadowShader.glsl" />
    <None Include="fragShadowShader2.glsl" />
    <None Include="fragShadowShader3.glsl" />
    <None Include="fragShadowShaderPCF.glsl" />
    <None Include="vertShader.glsl" />
    <None Include="vertShaderAnimation.glsl" />
    <None Include="vertShaderCube.glsl" />
    <None Include="vertShaderCubeInstance.glsl" />
    <None Include="vertShaderSkyCube.glsl" />
    <None Include="vertShaderTexture.glsl" />
    <None Include="vertShadowShader.glsl" />
    <None Include="vertShadowShader2.glsl" />
    <None Include="vertShadowShader3.glsl" />
    <None Include="fragShaderProcBump.glsl" />
    <None Include="vertShaderProcBump.glsl" />
    <None Include="fragShaderNormal.glsl" />
    <None Include="fragShaderNormalMoon.glsl" />
    <None Include="vertShaderNormal.glsl" />
    <None Include="vertShaderNormalMoon.glsl" />
  </ItemGroup>
</Project>